
Microsoft Visual Studio Solution File, Format Version 12.00
# Visual Studio Version 17
VisualStudioVersion = 17.13.35818.85 d17.13
MinimumVisualStudioVersion = 10.0.40219.1
Project("{FAE04EC0-301F-11D3-BF4B-00C04F79EFBC}") = "iScent", "iScent.csproj", "{915E5B2E-8FA2-4D3B-B787-86B9BC1783B0}"
EndProject
Global
	GlobalSection(SolutionConfigurationPlatforms) = preSolution
		Debug|Any CPU = Debug|Any CPU
		Release|Any CPU = Release|Any CPU
	EndGlobalSection
	GlobalSection(ProjectConfigurationPlatforms) = postSolution
		{915E5B2E-8FA2-4D3B-B787-86B9BC1783B0}.Debug|Any CPU.ActiveCfg = Debug|Any CPU
		{915E5B2E-8FA2-4D3B-B787-86B9BC1783B0}.Debug|Any CPU.Build.0 = Debug|Any CPU
		{915E5B2E-8FA2-4D3B-B787-86B9BC1783B0}.Release|Any CPU.ActiveCfg = Release|Any CPU
		{915E5B2E-8FA2-4D3B-B787-86B9BC1783B0}.Release|Any CPU.Build.0 = Release|Any CPU
	EndGlobalSection
	GlobalSection(SolutionProperties) = preSolution
		HideSolutionNode = FALSE
	EndGlobalSection
	GlobalSection(ExtensibilityGlobals) = postSolution
		SolutionGuid = {C4CC929A-A068-4DB2-9484-116BE804CED5}
	EndGlobalSection
EndGlobal
